
Microsoft Visual Studio Solution File, Format Version 12.00
# Visual Studio 15
VisualStudioVersion = 15.0.27428.2027
MinimumVisualStudioVersion = 10.0.40219.1
Project("{FAE04EC0-301F-11D3-BF4B-00C04F79EFBC}") = "GCCarDealershipWebAPI", "GCCarDealershipWebAPI\GCCarDealershipWebAPI.csproj", "{B9A20D2C-0477-4ED1-A3A2-44D9E954CE03}"
EndProject
Project("{FAE04EC0-301F-11D3-BF4B-00C04F79EFBC}") = "GCCarDealershipMVC", "GCCarDealershipMVC\GCCarDealershipMVC.csproj", "{AA777136-2945-4F1C-8690-0C214AEE479A}"
EndProject
Project("{FAE04EC0-301F-11D3-BF4B-00C04F79EFBC}") = "GCCarDealership.Domain", "GCCarDealership.Domain\GCCarDealership.Domain.csproj", "{6B8695DE-EFC1-4B0C-BA8F-974D0C852CD7}"
EndProject
Global
	GlobalSection(SolutionConfigurationPlatforms) = preSolution
		Debug|Any CPU = Debug|Any CPU
		Release|Any CPU = Release|Any CPU
	EndGlobalSection
	GlobalSection(ProjectConfigurationPlatforms) = postSolution
		{B9A20D2C-0477-4ED1-A3A2-44D9E954CE03}.Debug|Any CPU.ActiveCfg = Debug|Any CPU
		{B9A20D2C-0477-4ED1-A3A2-44D9E954CE03}.Debug|Any CPU.Build.0 = Debug|Any CPU
		{B9A20D2C-0477-4ED1-A3A2-44D9E954CE03}.Release|Any CPU.ActiveCfg = Release|Any CPU
		{B9A20D2C-0477-4ED1-A3A2-44D9E954CE03}.Release|Any CPU.Build.0 = Release|Any CPU
		{AA777136-2945-4F1C-8690-0C214AEE479A}.Debug|Any CPU.ActiveCfg = Debug|Any CPU
		{AA777136-2945-4F1C-8690-0C214AEE479A}.Debug|Any CPU.Build.0 = Debug|Any CPU
		{AA777136-2945-4F1C-8690-0C214AEE479A}.Release|Any CPU.ActiveCfg = Release|Any CPU
		{AA777136-2945-4F1C-8690-0C214AEE479A}.Release|Any CPU.Build.0 = Release|Any CPU
		{6B8695DE-EFC1-4B0C-BA8F-974D0C852CD7}.Debug|Any CPU.ActiveCfg = Debug|Any CPU
		{6B8695DE-EFC1-4B0C-BA8F-974D0C852CD7}.Debug|Any CPU.Build.0 = Debug|Any CPU
		{6B8695DE-EFC1-4B0C-BA8F-974D0C852CD7}.Release|Any CPU.ActiveCfg = Release|Any CPU
		{6B8695DE-EFC1-4B0C-BA8F-974D0C852CD7}.Release|Any CPU.Build.0 = Release|Any CPU
	EndGlobalSection
	GlobalSection(SolutionProperties) = preSolution
		HideSolutionNode = FALSE
	EndGlobalSection
	GlobalSection(ExtensibilityGlobals) = postSolution
		SolutionGuid = {302BE652-03EB-42D6-9E30-D2795A20D4FE}
	EndGlobalSection
EndGlobal
